
Microsoft Visual Studio Solution File, Format Version 12.00
# Visual Studio Version 17
VisualStudioVersion = 17.3.32819.101
MinimumVisualStudioVersion = 10.0.40219.1
Project("{2150E333-8FDC-42A3-9474-1A3956D46DE8}") = "Core", "Core", "{66A58A42-79FE-49DC-8978-0243EBF6AFC8}"
EndProject
Project("{2150E333-8FDC-42A3-9474-1A3956D46DE8}") = "Infrastructure", "Infrastructure", "{08D00A65-4D78-43A7-A17F-984437C994D9}"
EndProject
Project("{2150E333-8FDC-42A3-9474-1A3956D46DE8}") = "EndPoint", "EndPoint", "{8D33C648-8C2D-48BD-9830-5803E6A2B025}"
EndProject
Project("{2150E333-8FDC-42A3-9474-1A3956D46DE8}") = "Domain", "Domain", "{3CCA82E0-AD14-445A-B0C5-E32BEE797AB7}"
EndProject
Project("{2150E333-8FDC-42A3-9474-1A3956D46DE8}") = "Application", "Application", "{B0AEB12A-C6DB-40AD-BB42-352A35E02098}"
EndProject
Project("{2150E333-8FDC-42A3-9474-1A3956D46DE8}") = "Persistence", "Persistence", "{40B965FD-93E2-4264-B1FA-8D1EAB315364}"
EndProject
Project("{2150E333-8FDC-42A3-9474-1A3956D46DE8}") = "Infrastructure", "Infrastructure", "{F4F4E853-D291-49AD-888F-CAB42FB90AF1}"
EndProject
Project("{9A19103F-16F7-4668-BE54-9A1E7A4F7556}") = "KalaMarket.Application", "KalaMarket.Application\KalaMarket.Application.csproj", "{B2554A22-6F19-42CC-BBDE-A64F0262A7CD}"
EndProject
Project("{9A19103F-16F7-4668-BE54-9A1E7A4F7556}") = "KalaMarket.Domain", "KalaMarket.Domain\KalaMarket.Domain.csproj", "{FCCF1744-24E1-4C85-9938-C91D4E3CAD97}"
EndProject
Project("{9A19103F-16F7-4668-BE54-9A1E7A4F7556}") = "KalaMarket.EndPoint", "KalaMarket.EndPoint\KalaMarket.EndPoint.csproj", "{2B54C0D0-F307-4437-83F8-E0DE1A9BB415}"
EndProject
Project("{2150E333-8FDC-42A3-9474-1A3956D46DE8}") = "Test", "Test", "{0E7AFCAC-E754-4FD4-A31A-BB80AF8B08B5}"
EndProject
Project("{2150E333-8FDC-42A3-9474-1A3956D46DE8}") = "Src", "Src", "{948130E5-3780-489B-8210-2F212F861AD8}"
EndProject
Project("{9A19103F-16F7-4668-BE54-9A1E7A4F7556}") = "KalaMarket.Infrastructure", "KalaMarket.Infrasructure\KalaMarket.Infrastructure.csproj", "{927CB18A-244B-4462-8404-BD0F22B8E07F}"
EndProject
Project("{9A19103F-16F7-4668-BE54-9A1E7A4F7556}") = "KalaMarket.Persistence", "KalaMarket.Persistence\KalaMarket.Persistence.csproj", "{08E64B8E-9472-4701-9A02-7999B44303C1}"
EndProject
Project("{2150E333-8FDC-42A3-9474-1A3956D46DE8}") = "00.Shared", "00.Shared", "{526F02F1-2F5A-436A-9990-6E3D8850200A}"
EndProject
Project("{9A19103F-16F7-4668-BE54-9A1E7A4F7556}") = "KalaMarket.Shared", "KalaMarket.Shared\KalaMarket.Shared.csproj", "{17E26EA8-3EEE-41E2-B22D-A682F81AB673}"
EndProject
Project("{9A19103F-16F7-4668-BE54-9A1E7A4F7556}") = "KalaMarket.UnitTest", "KalaMarket.UnitTest\KalaMarket.UnitTest.csproj", "{83B6F744-A19D-4EBF-8AF2-6F6BE3FDCD95}"
EndProject
Project("{9A19103F-16F7-4668-BE54-9A1E7A4F7556}") = "KalaMarket.Resourses", "KalaMarket.Resourses\KalaMarket.Resourses.csproj", "{EDE59637-B62D-4356-A5B8-C426172567FA}"
EndProject
Project("{9A19103F-16F7-4668-BE54-9A1E7A4F7556}") = "KalaMarket.Application.User", "KalaMarket.Application.User\KalaMarket.Application.User.csproj", "{2282AD52-B1CD-4750-A58C-465ECF10679D}"
EndProject
Project("{9A19103F-16F7-4668-BE54-9A1E7A4F7556}") = "KalaMarket.Infrastructure.User", "KalaMarket.Infrastructure.User\KalaMarket.Infrastructure.User.csproj", "{8AA85BB0-C7B2-47F3-A3B3-EF136E3DDC19}"
EndProject
Project("{9A19103F-16F7-4668-BE54-9A1E7A4F7556}") = "KalaMarket.Infrastructure.Product", "KalaMarket.Infrastructure.Product\KalaMarket.Infrastructure.Product.csproj", "{B55E010E-E95C-4285-BCBC-47AB317C9691}"
EndProject
Project("{9A19103F-16F7-4668-BE54-9A1E7A4F7556}") = "KalaMarket.Application.Product", "KalaMarket.Application.Product\KalaMarket.Application.Product.csproj", "{6973862D-A185-492A-B4D3-E263D4D7BF24}"
EndProject
Project("{9A19103F-16F7-4668-BE54-9A1E7A4F7556}") = "KalaMarket.Application.Agg", "KalaMarket.Application.Contract\KalaMarket.Application.Agg.csproj", "{8FCCA396-EDBA-440D-8BCC-8036C4049274}"
EndProject
Project("{9A19103F-16F7-4668-BE54-9A1E7A4F7556}") = "KalaMarket.Application.HomePage", "KalaMarket.Application.HomePage\KalaMarket.Application.HomePage.csproj", "{00887AB1-3818-4CED-AFE2-B075232374ED}"
EndProject
Project("{9A19103F-16F7-4668-BE54-9A1E7A4F7556}") = "KalaMarket.Infrastructure.HomePage", "KalaMarket.Infrastructure.HomePage\KalaMarket.Infrastructure.HomePage.csproj", "{08ABABB1-EBDE-4781-A45A-C2A13FFB675D}"
EndProject
Project("{9A19103F-16F7-4668-BE54-9A1E7A4F7556}") = "KalaMarket.Persistence.Users", "KalaMarket.Persistence.Users\KalaMarket.Persistence.Users.csproj", "{911CC995-0765-4CB1-9EF9-784A5E999FD0}"
EndProject
Project("{9A19103F-16F7-4668-BE54-9A1E7A4F7556}") = "KalaMarket.Persistence.Products", "KalaMarket.Persistence.Products\KalaMarket.Persistence.Products.csproj", "{A9BD5931-AEA9-4918-A2BC-5B0F46C92E0D}"
EndProject
Project("{9A19103F-16F7-4668-BE54-9A1E7A4F7556}") = "KalaMarket.Persistence.HomePage", "KalaMarket.Persistence.HomePage\KalaMarket.Persistence.HomePage.csproj", "{9661C028-871F-4119-889E-32C9D0A7B9E2}"
EndProject
Project("{9A19103F-16F7-4668-BE54-9A1E7A4F7556}") = "KalaMarket.Domain.Users", "KalaMarket.Domain.Users\KalaMarket.Domain.Users.csproj", "{B7AFA033-0976-4FD3-8542-8F8CCEEE97FB}"
EndProject
Project("{9A19103F-16F7-4668-BE54-9A1E7A4F7556}") = "KalaMarket.Domain.Products", "KalaMarket.Domain.Products\KalaMarket.Domain.Products.csproj", "{F0D38193-598C-454A-9C4F-78A5DBC3C68B}"
EndProject
Project("{9A19103F-16F7-4668-BE54-9A1E7A4F7556}") = "KalaMarket.Domain.HomePage", "KalaMarket.Domain.HomePage\KalaMarket.Domain.HomePage.csproj", "{FE4C94B4-39F1-4D28-9009-E54A82ACA51E}"
EndProject
Project("{FAE04EC0-301F-11D3-BF4B-00C04F79EFBC}") = "Shared.AspNetCore", "Shared.AspNetCore\Shared.AspNetCore.csproj", "{E946C98E-7BE8-4645-90B2-DCBC17B7C659}"
EndProject
Global
	GlobalSection(SolutionConfigurationPlatforms) = preSolution
		Debug|Any CPU = Debug|Any CPU
		Release|Any CPU = Release|Any CPU
	EndGlobalSection
	GlobalSection(ProjectConfigurationPlatforms) = postSolution
		{B2554A22-6F19-42CC-BBDE-A64F0262A7CD}.Debug|Any CPU.ActiveCfg = Debug|Any CPU
		{B2554A22-6F19-42CC-BBDE-A64F0262A7CD}.Debug|Any CPU.Build.0 = Debug|Any CPU
		{B2554A22-6F19-42CC-BBDE-A64F0262A7CD}.Release|Any CPU.ActiveCfg = Release|Any CPU
		{B2554A22-6F19-42CC-BBDE-A64F0262A7CD}.Release|Any CPU.Build.0 = Release|Any CPU
		{FCCF1744-24E1-4C85-9938-C91D4E3CAD97}.Debug|Any CPU.ActiveCfg = Debug|Any CPU
		{FCCF1744-24E1-4C85-9938-C91D4E3CAD97}.Debug|Any CPU.Build.0 = Debug|Any CPU
		{FCCF1744-24E1-4C85-9938-C91D4E3CAD97}.Release|Any CPU.ActiveCfg = Release|Any CPU
		{FCCF1744-24E1-4C85-9938-C91D4E3CAD97}.Release|Any CPU.Build.0 = Release|Any CPU
		{2B54C0D0-F307-4437-83F8-E0DE1A9BB415}.Debug|Any CPU.ActiveCfg = Debug|Any CPU
		{2B54C0D0-F307-4437-83F8-E0DE1A9BB415}.Debug|Any CPU.Build.0 = Debug|Any CPU
		{2B54C0D0-F307-4437-83F8-E0DE1A9BB415}.Release|Any CPU.ActiveCfg = Release|Any CPU
		{2B54C0D0-F307-4437-83F8-E0DE1A9BB415}.Release|Any CPU.Build.0 = Release|Any CPU
		{927CB18A-244B-4462-8404-BD0F22B8E07F}.Debug|Any CPU.ActiveCfg = Debug|Any CPU
		{927CB18A-244B-4462-8404-BD0F22B8E07F}.Debug|Any CPU.Build.0 = Debug|Any CPU
		{927CB18A-244B-4462-8404-BD0F22B8E07F}.Release|Any CPU.ActiveCfg = Release|Any CPU
		{927CB18A-244B-4462-8404-BD0F22B8E07F}.Release|Any CPU.Build.0 = Release|Any CPU
		{08E64B8E-9472-4701-9A02-7999B44303C1}.Debug|Any CPU.ActiveCfg = Debug|Any CPU
		{08E64B8E-9472-4701-9A02-7999B44303C1}.Debug|Any CPU.Build.0 = Debug|Any CPU
		{08E64B8E-9472-4701-9A02-7999B44303C1}.Release|Any CPU.ActiveCfg = Release|Any CPU
		{08E64B8E-9472-4701-9A02-7999B44303C1}.Release|Any CPU.Build.0 = Release|Any CPU
		{17E26EA8-3EEE-41E2-B22D-A682F81AB673}.Debug|Any CPU.ActiveCfg = Debug|Any CPU
		{17E26EA8-3EEE-41E2-B22D-A682F81AB673}.Debug|Any CPU.Build.0 = Debug|Any CPU
		{17E26EA8-3EEE-41E2-B22D-A682F81AB673}.Release|Any CPU.ActiveCfg = Release|Any CPU
		{17E26EA8-3EEE-41E2-B22D-A682F81AB673}.Release|Any CPU.Build.0 = Release|Any CPU
		{83B6F744-A19D-4EBF-8AF2-6F6BE3FDCD95}.Debug|Any CPU.ActiveCfg = Debug|Any CPU
		{83B6F744-A19D-4EBF-8AF2-6F6BE3FDCD95}.Debug|Any CPU.Build.0 = Debug|Any CPU
		{83B6F744-A19D-4EBF-8AF2-6F6BE3FDCD95}.Release|Any CPU.ActiveCfg = Release|Any CPU
		{83B6F744-A19D-4EBF-8AF2-6F6BE3FDCD95}.Release|Any CPU.Build.0 = Release|Any CPU
		{EDE59637-B62D-4356-A5B8-C426172567FA}.Debug|Any CPU.ActiveCfg = Debug|Any CPU
		{EDE59637-B62D-4356-A5B8-C426172567FA}.Debug|Any CPU.Build.0 = Debug|Any CPU
		{EDE59637-B62D-4356-A5B8-C426172567FA}.Release|Any CPU.ActiveCfg = Release|Any CPU
		{EDE59637-B62D-4356-A5B8-C426172567FA}.Release|Any CPU.Build.0 = Release|Any CPU
		{2282AD52-B1CD-4750-A58C-465ECF10679D}.Debug|Any CPU.ActiveCfg = Debug|Any CPU
		{2282AD52-B1CD-4750-A58C-465ECF10679D}.Debug|Any CPU.Build.0 = Debug|Any CPU
		{2282AD52-B1CD-4750-A58C-465ECF10679D}.Release|Any CPU.ActiveCfg = Release|Any CPU
		{2282AD52-B1CD-4750-A58C-465ECF10679D}.Release|Any CPU.Build.0 = Release|Any CPU
		{8AA85BB0-C7B2-47F3-A3B3-EF136E3DDC19}.Debug|Any CPU.ActiveCfg = Debug|Any CPU
		{8AA85BB0-C7B2-47F3-A3B3-EF136E3DDC19}.Debug|Any CPU.Build.0 = Debug|Any CPU
		{8AA85BB0-C7B2-47F3-A3B3-EF136E3DDC19}.Release|Any CPU.ActiveCfg = Release|Any CPU
		{8AA85BB0-C7B2-47F3-A3B3-EF136E3DDC19}.Release|Any CPU.Build.0 = Release|Any CPU
		{B55E010E-E95C-4285-BCBC-47AB317C9691}.Debug|Any CPU.ActiveCfg = Debug|Any CPU
		{B55E010E-E95C-4285-BCBC-47AB317C9691}.Debug|Any CPU.Build.0 = Debug|Any CPU
		{B55E010E-E95C-4285-BCBC-47AB317C9691}.Release|Any CPU.ActiveCfg = Release|Any CPU
		{B55E010E-E95C-4285-BCBC-47AB317C9691}.Release|Any CPU.Build.0 = Release|Any CPU
		{6973862D-A185-492A-B4D3-E263D4D7BF24}.Debug|Any CPU.ActiveCfg = Debug|Any CPU
		{6973862D-A185-492A-B4D3-E263D4D7BF24}.Debug|Any CPU.Build.0 = Debug|Any CPU
		{6973862D-A185-492A-B4D3-E263D4D7BF24}.Release|Any CPU.ActiveCfg = Release|Any CPU
		{6973862D-A185-492A-B4D3-E263D4D7BF24}.Release|Any CPU.Build.0 = Release|Any CPU
		{8FCCA396-EDBA-440D-8BCC-8036C4049274}.Debug|Any CPU.ActiveCfg = Debug|Any CPU
		{8FCCA396-EDBA-440D-8BCC-8036C4049274}.Debug|Any CPU.Build.0 = Debug|Any CPU
		{8FCCA396-EDBA-440D-8BCC-8036C4049274}.Release|Any CPU.ActiveCfg = Release|Any CPU
		{8FCCA396-EDBA-440D-8BCC-8036C4049274}.Release|Any CPU.Build.0 = Release|Any CPU
		{00887AB1-3818-4CED-AFE2-B075232374ED}.Debug|Any CPU.ActiveCfg = Debug|Any CPU
		{00887AB1-3818-4CED-AFE2-B075232374ED}.Debug|Any CPU.Build.0 = Debug|Any CPU
		{00887AB1-3818-4CED-AFE2-B075232374ED}.Release|Any CPU.ActiveCfg = Release|Any CPU
		{00887AB1-3818-4CED-AFE2-B075232374ED}.Release|Any CPU.Build.0 = Release|Any CPU
		{08ABABB1-EBDE-4781-A45A-C2A13FFB675D}.Debug|Any CPU.ActiveCfg = Debug|Any CPU
		{08ABABB1-EBDE-4781-A45A-C2A13FFB675D}.Debug|Any CPU.Build.0 = Debug|Any CPU
		{08ABABB1-EBDE-4781-A45A-C2A13FFB675D}.Release|Any CPU.ActiveCfg = Release|Any CPU
		{08ABABB1-EBDE-4781-A45A-C2A13FFB675D}.Release|Any CPU.Build.0 = Release|Any CPU
		{911CC995-0765-4CB1-9EF9-784A5E999FD0}.Debug|Any CPU.ActiveCfg = Debug|Any CPU
		{911CC995-0765-4CB1-9EF9-784A5E999FD0}.Debug|Any CPU.Build.0 = Debug|Any CPU
		{911CC995-0765-4CB1-9EF9-784A5E999FD0}.Release|Any CPU.ActiveCfg = Release|Any CPU
		{911CC995-0765-4CB1-9EF9-784A5E999FD0}.Release|Any CPU.Build.0 = Release|Any CPU
		{A9BD5931-AEA9-4918-A2BC-5B0F46C92E0D}.Debug|Any CPU.ActiveCfg = Debug|Any CPU
		{A9BD5931-AEA9-4918-A2BC-5B0F46C92E0D}.Debug|Any CPU.Build.0 = Debug|Any CPU
		{A9BD5931-AEA9-4918-A2BC-5B0F46C92E0D}.Release|Any CPU.ActiveCfg = Release|Any CPU
		{A9BD5931-AEA9-4918-A2BC-5B0F46C92E0D}.Release|Any CPU.Build.0 = Release|Any CPU
		{9661C028-871F-4119-889E-32C9D0A7B9E2}.Debug|Any CPU.ActiveCfg = Debug|Any CPU
		{9661C028-871F-4119-889E-32C9D0A7B9E2}.Debug|Any CPU.Build.0 = Debug|Any CPU
		{9661C028-871F-4119-889E-32C9D0A7B9E2}.Release|Any CPU.ActiveCfg = Release|Any CPU
		{9661C028-871F-4119-889E-32C9D0A7B9E2}.Release|Any CPU.Build.0 = Release|Any CPU
		{B7AFA033-0976-4FD3-8542-8F8CCEEE97FB}.Debug|Any CPU.ActiveCfg = Debug|Any CPU
		{B7AFA033-0976-4FD3-8542-8F8CCEEE97FB}.Debug|Any CPU.Build.0 = Debug|Any CPU
		{B7AFA033-0976-4FD3-8542-8F8CCEEE97FB}.Release|Any CPU.ActiveCfg = Release|Any CPU
		{B7AFA033-0976-4FD3-8542-8F8CCEEE97FB}.Release|Any CPU.Build.0 = Release|Any CPU
		{F0D38193-598C-454A-9C4F-78A5DBC3C68B}.Debug|Any CPU.ActiveCfg = Debug|Any CPU
		{F0D38193-598C-454A-9C4F-78A5DBC3C68B}.Debug|Any CPU.Build.0 = Debug|Any CPU
		{F0D38193-598C-454A-9C4F-78A5DBC3C68B}.Release|Any CPU.ActiveCfg = Release|Any CPU
		{F0D38193-598C-454A-9C4F-78A5DBC3C68B}.Release|Any CPU.Build.0 = Release|Any CPU
		{FE4C94B4-39F1-4D28-9009-E54A82ACA51E}.Debug|Any CPU.ActiveCfg = Debug|Any CPU
		{FE4C94B4-39F1-4D28-9009-E54A82ACA51E}.Debug|Any CPU.Build.0 = Debug|Any CPU
		{FE4C94B4-39F1-4D28-9009-E54A82ACA51E}.Release|Any CPU.ActiveCfg = Release|Any CPU
		{FE4C94B4-39F1-4D28-9009-E54A82ACA51E}.Release|Any CPU.Build.0 = Release|Any CPU
		{E946C98E-7BE8-4645-90B2-DCBC17B7C659}.Debug|Any CPU.ActiveCfg = Debug|Any CPU
		{E946C98E-7BE8-4645-90B2-DCBC17B7C659}.Debug|Any CPU.Build.0 = Debug|Any CPU
		{E946C98E-7BE8-4645-90B2-DCBC17B7C659}.Release|Any CPU.ActiveCfg = Release|Any CPU
		{E946C98E-7BE8-4645-90B2-DCBC17B7C659}.Release|Any CPU.Build.0 = Release|Any CPU
	EndGlobalSection
	GlobalSection(SolutionProperties) = preSolution
		HideSolutionNode = FALSE
	EndGlobalSection
	GlobalSection(NestedProjects) = preSolution
		{66A58A42-79FE-49DC-8978-0243EBF6AFC8} = {948130E5-3780-489B-8210-2F212F861AD8}
		{08D00A65-4D78-43A7-A17F-984437C994D9} = {948130E5-3780-489B-8210-2F212F861AD8}
		{8D33C648-8C2D-48BD-9830-5803E6A2B025} = {948130E5-3780-489B-8210-2F212F861AD8}
		{3CCA82E0-AD14-445A-B0C5-E32BEE797AB7} = {66A58A42-79FE-49DC-8978-0243EBF6AFC8}
		{B0AEB12A-C6DB-40AD-BB42-352A35E02098} = {66A58A42-79FE-49DC-8978-0243EBF6AFC8}
		{40B965FD-93E2-4264-B1FA-8D1EAB315364} = {08D00A65-4D78-43A7-A17F-984437C994D9}
		{F4F4E853-D291-49AD-888F-CAB42FB90AF1} = {08D00A65-4D78-43A7-A17F-984437C994D9}
		{B2554A22-6F19-42CC-BBDE-A64F0262A7CD} = {B0AEB12A-C6DB-40AD-BB42-352A35E02098}
		{FCCF1744-24E1-4C85-9938-C91D4E3CAD97} = {3CCA82E0-AD14-445A-B0C5-E32BEE797AB7}
		{2B54C0D0-F307-4437-83F8-E0DE1A9BB415} = {8D33C648-8C2D-48BD-9830-5803E6A2B025}
		{927CB18A-244B-4462-8404-BD0F22B8E07F} = {F4F4E853-D291-49AD-888F-CAB42FB90AF1}
		{08E64B8E-9472-4701-9A02-7999B44303C1} = {40B965FD-93E2-4264-B1FA-8D1EAB315364}
		{526F02F1-2F5A-436A-9990-6E3D8850200A} = {948130E5-3780-489B-8210-2F212F861AD8}
		{17E26EA8-3EEE-41E2-B22D-A682F81AB673} = {526F02F1-2F5A-436A-9990-6E3D8850200A}
		{83B6F744-A19D-4EBF-8AF2-6F6BE3FDCD95} = {0E7AFCAC-E754-4FD4-A31A-BB80AF8B08B5}
		{EDE59637-B62D-4356-A5B8-C426172567FA} = {526F02F1-2F5A-436A-9990-6E3D8850200A}
		{2282AD52-B1CD-4750-A58C-465ECF10679D} = {B0AEB12A-C6DB-40AD-BB42-352A35E02098}
		{8AA85BB0-C7B2-47F3-A3B3-EF136E3DDC19} = {F4F4E853-D291-49AD-888F-CAB42FB90AF1}
		{B55E010E-E95C-4285-BCBC-47AB317C9691} = {F4F4E853-D291-49AD-888F-CAB42FB90AF1}
		{6973862D-A185-492A-B4D3-E263D4D7BF24} = {B0AEB12A-C6DB-40AD-BB42-352A35E02098}
		{8FCCA396-EDBA-440D-8BCC-8036C4049274} = {B0AEB12A-C6DB-40AD-BB42-352A35E02098}
		{00887AB1-3818-4CED-AFE2-B075232374ED} = {B0AEB12A-C6DB-40AD-BB42-352A35E02098}
		{08ABABB1-EBDE-4781-A45A-C2A13FFB675D} = {F4F4E853-D291-49AD-888F-CAB42FB90AF1}
		{911CC995-0765-4CB1-9EF9-784A5E999FD0} = {40B965FD-93E2-4264-B1FA-8D1EAB315364}
		{A9BD5931-AEA9-4918-A2BC-5B0F46C92E0D} = {40B965FD-93E2-4264-B1FA-8D1EAB315364}
		{9661C028-871F-4119-889E-32C9D0A7B9E2} = {40B965FD-93E2-4264-B1FA-8D1EAB315364}
		{B7AFA033-0976-4FD3-8542-8F8CCEEE97FB} = {3CCA82E0-AD14-445A-B0C5-E32BEE797AB7}
		{F0D38193-598C-454A-9C4F-78A5DBC3C68B} = {3CCA82E0-AD14-445A-B0C5-E32BEE797AB7}
		{FE4C94B4-39F1-4D28-9009-E54A82ACA51E} = {3CCA82E0-AD14-445A-B0C5-E32BEE797AB7}
		{E946C98E-7BE8-4645-90B2-DCBC17B7C659} = {526F02F1-2F5A-436A-9990-6E3D8850200A}
	EndGlobalSection
	GlobalSection(ExtensibilityGlobals) = postSolution
		SolutionGuid = {7AE34251-A72D-4785-878A-ABCBD59A4A89}
	EndGlobalSection
EndGlobal
