
Microsoft Visual Studio Solution File, Format Version 12.00
# Visual Studio Version 17
VisualStudioVersion = 17.3.32819.101
MinimumVisualStudioVersion = 10.0.40219.1
Project("{2150E333-8FDC-42A3-9474-1A3956D46DE8}") = "src", "src", "{629A3C4A-0D57-406D-BB03-7637B29F1893}"
EndProject
Project("{2150E333-8FDC-42A3-9474-1A3956D46DE8}") = "HomePageContext", "HomePageContext", "{F068F8EE-698E-41F4-8407-82F1CD1EF255}"
EndProject
Project("{2150E333-8FDC-42A3-9474-1A3956D46DE8}") = "Core", "Core", "{390584A9-7662-4CDC-A8B9-BD1C19C8970B}"
EndProject
Project("{9A19103F-16F7-4668-BE54-9A1E7A4F7556}") = "KalaMarket.Application.HomePage", "src\HomePageContext\Core\KalaMarket.Application.HomePage\KalaMarket.Application.HomePage.csproj", "{01554AAA-3EC7-4AFD-A4F3-54CAB5B56124}"
EndProject
Project("{9A19103F-16F7-4668-BE54-9A1E7A4F7556}") = "KalaMarket.Domain.HomePage", "src\HomePageContext\Core\KalaMarket.Domain.HomePage\KalaMarket.Domain.HomePage.csproj", "{A612EF46-A17F-4AA2-8030-2E79F02B5E38}"
EndProject
Project("{2150E333-8FDC-42A3-9474-1A3956D46DE8}") = "Endpoint", "Endpoint", "{DC4278F7-7C19-4742-BA95-478A4928169C}"
EndProject
Project("{9A19103F-16F7-4668-BE54-9A1E7A4F7556}") = "KalaMarket.EndPoint", "src\Endpoint\KalaMarket.EndPoint\KalaMarket.EndPoint.csproj", "{2DCAE6DB-F1C6-4B46-9231-9E4BDE0C0567}"
EndProject
Project("{2150E333-8FDC-42A3-9474-1A3956D46DE8}") = "Shared", "Shared", "{B3F81D25-27E8-4465-8C68-120250F989D0}"
EndProject
Project("{9A19103F-16F7-4668-BE54-9A1E7A4F7556}") = "KalaMarket.Resourses", "src\Shared\KalaMarket.Resourses\KalaMarket.Resourses.csproj", "{77F32465-AD58-4FD5-A733-9CA15988F34E}"
EndProject
Project("{9A19103F-16F7-4668-BE54-9A1E7A4F7556}") = "KalaMarket.Shared", "src\Shared\KalaMarket.Shared\KalaMarket.Shared.csproj", "{64FCE724-F132-4909-ACAA-F6347138BA86}"
EndProject
Project("{9A19103F-16F7-4668-BE54-9A1E7A4F7556}") = "Shared.AspNetCore", "src\Shared\Shared.AspNetCore\Shared.AspNetCore.csproj", "{5E913156-965B-401F-AE0B-5E75EC4F9A4F}"
EndProject
Project("{2150E333-8FDC-42A3-9474-1A3956D46DE8}") = "Shared.Core", "Shared.Core", "{0EF2152D-28BB-44B5-9D8E-8B40029D1AD0}"
EndProject
Project("{2150E333-8FDC-42A3-9474-1A3956D46DE8}") = "Core", "Core", "{906D79AF-FA11-4495-8403-83557453E3CA}"
EndProject
Project("{9A19103F-16F7-4668-BE54-9A1E7A4F7556}") = "KalaMarket.Application", "src\Shared.Core\Core\KalaMarket.Application\KalaMarket.Application.csproj", "{9F0AD953-004C-4630-8293-7875F3D5AE7E}"
EndProject
Project("{9A19103F-16F7-4668-BE54-9A1E7A4F7556}") = "KalaMarket.Application.Agg", "src\Shared.Core\Core\KalaMarket.Application.Contract\KalaMarket.Application.Agg.csproj", "{A742162A-9D57-40D6-863A-BD91B8771633}"
EndProject
Project("{9A19103F-16F7-4668-BE54-9A1E7A4F7556}") = "KalaMarket.Domain", "src\Shared.Core\Core\KalaMarket.Domain\KalaMarket.Domain.csproj", "{CE5357A2-5185-4399-8224-28383683757B}"
EndProject
Project("{2150E333-8FDC-42A3-9474-1A3956D46DE8}") = "Infrastructure", "Infrastructure", "{7C929631-A668-44BA-8E7F-D402FA656854}"
EndProject
Project("{9A19103F-16F7-4668-BE54-9A1E7A4F7556}") = "KalaMarket.Infrastructure", "src\Shared.Core\Infrastructure\KalaMarket.Infrasructure\KalaMarket.Infrastructure.csproj", "{C91BC948-AA5C-495B-BB91-79A3C2D3EB01}"
EndProject
Project("{9A19103F-16F7-4668-BE54-9A1E7A4F7556}") = "KalaMarket.Persistence", "src\Shared.Core\Infrastructure\KalaMarket.Persistence\KalaMarket.Persistence.csproj", "{1E1C9E25-0575-4C4D-8A62-F443E94DF2F8}"
EndProject
Project("{2150E333-8FDC-42A3-9474-1A3956D46DE8}") = "ShopManagementContext", "ShopManagementContext", "{629DF523-5474-4E4F-80DB-0B9777583B84}"
EndProject
Project("{2150E333-8FDC-42A3-9474-1A3956D46DE8}") = "Core", "Core", "{E59AA400-30C2-4C4C-BA48-A09F7FD9FD4A}"
EndProject
Project("{9A19103F-16F7-4668-BE54-9A1E7A4F7556}") = "KalaMarket.Application.Product", "src\ShopManagementContext\Core\KalaMarket.Application.Product\KalaMarket.Application.Product.csproj", "{1476B529-A8C5-4EC7-AE8D-2643ECFA1347}"
EndProject
Project("{9A19103F-16F7-4668-BE54-9A1E7A4F7556}") = "KalaMarket.Domain.Products", "src\ShopManagementContext\Core\KalaMarket.Domain.Products\KalaMarket.Domain.Products.csproj", "{DEBD7B35-A2D3-4CE5-848B-CC339BE1E0F8}"
EndProject
Project("{2150E333-8FDC-42A3-9474-1A3956D46DE8}") = "Infrastructure", "Infrastructure", "{F03BCC33-499F-4E12-84D8-B5BDE928A354}"
EndProject
Project("{9A19103F-16F7-4668-BE54-9A1E7A4F7556}") = "KalaMarket.Infrastructure.Product", "src\ShopManagementContext\Infrastructure\KalaMarket.Infrastructure.Product\KalaMarket.Infrastructure.Product.csproj", "{1556D48C-2A7E-4041-8EA3-3378079499C9}"
EndProject
Project("{9A19103F-16F7-4668-BE54-9A1E7A4F7556}") = "KalaMarket.Persistence.Products", "src\ShopManagementContext\Infrastructure\KalaMarket.Persistence.Products\KalaMarket.Persistence.Products.csproj", "{C4084190-5BFF-4F0A-87BF-590E35163BB6}"
EndProject
Project("{2150E333-8FDC-42A3-9474-1A3956D46DE8}") = "UserContext", "UserContext", "{F4E851A2-ACB3-4CE1-A874-D3EBE91411D8}"
EndProject
Project("{2150E333-8FDC-42A3-9474-1A3956D46DE8}") = "Core", "Core", "{53735119-A53C-47F0-9448-EE387EFFF20F}"
EndProject
Project("{9A19103F-16F7-4668-BE54-9A1E7A4F7556}") = "KalaMarket.Application.User", "src\UserContext\Core\KalaMarket.Application.User\KalaMarket.Application.User.csproj", "{E7FCFEAB-9ED3-4824-85EC-E7D282A91923}"
EndProject
Project("{9A19103F-16F7-4668-BE54-9A1E7A4F7556}") = "KalaMarket.Domain.Users", "src\UserContext\Core\KalaMarket.Domain.Users\KalaMarket.Domain.Users.csproj", "{A8788CF8-6721-417F-93FE-B9ECEBA9286D}"
EndProject
Project("{2150E333-8FDC-42A3-9474-1A3956D46DE8}") = "Infrastructure", "Infrastructure", "{F042573C-70EA-46E3-98BA-6D755AA5265B}"
EndProject
Project("{9A19103F-16F7-4668-BE54-9A1E7A4F7556}") = "KalaMarket.Persistence.Users", "src\UserContext\Infrastructure\KalaMarket.Persistence.Users\KalaMarket.Persistence.Users.csproj", "{99E5337E-C40D-44EB-AED9-0BAC5FB1BFE6}"
EndProject
Project("{2150E333-8FDC-42A3-9474-1A3956D46DE8}") = "test", "test", "{2F7AED1F-B8A3-4A4B-A1E4-DB167FEEE979}"
EndProject
Project("{2150E333-8FDC-42A3-9474-1A3956D46DE8}") = "UnitTest", "UnitTest", "{55F4E423-EB94-4A63-9012-024959E73A1D}"
EndProject
Project("{9A19103F-16F7-4668-BE54-9A1E7A4F7556}") = "KalaMarket.UnitTest", "test\UnitTest\KalaMarket.UnitTest\KalaMarket.UnitTest.csproj", "{5BEC791A-E4B0-4E17-B661-7A42AB1B2058}"
EndProject
Project("{2150E333-8FDC-42A3-9474-1A3956D46DE8}") = "Infrastructure", "Infrastructure", "{A85CBEF3-2206-43D7-814A-559CE9249327}"
EndProject
Project("{9A19103F-16F7-4668-BE54-9A1E7A4F7556}") = "KalaMarket.Infrastructure.HomePage", "src\HomePageContext\Infrastructure\KalaMarket.Infrastructure.HomePage\KalaMarket.Infrastructure.HomePage.csproj", "{797719F9-6A32-478E-9711-1AE9FC90F62E}"
EndProject
Project("{9A19103F-16F7-4668-BE54-9A1E7A4F7556}") = "KalaMarket.Persistence.HomePage", "src\HomePageContext\Infrastructure\KalaMarket.Persistence.HomePage\KalaMarket.Persistence.HomePage.csproj", "{FAE86FC3-5A69-46B4-B797-A22F4648C0D7}"
EndProject
Project("{9A19103F-16F7-4668-BE54-9A1E7A4F7556}") = "KalaMarket.Infrastructure.User", "src\UserContext\Infrastructure\KalaMarket.Infrastructure.User\KalaMarket.Infrastructure.User.csproj", "{DFED4DC1-0C74-4E5A-9FA8-82BD329D6D2B}"
EndProject
Project("{9A19103F-16F7-4668-BE54-9A1E7A4F7556}") = "Endpoint.Web", "src\Endpoint\Endpoint.Web\Endpoint.Web.csproj", "{380D5946-B1F0-4AF4-9D21-C9677EAE113F}"
EndProject
Global
	GlobalSection(SolutionConfigurationPlatforms) = preSolution
		Debug|Any CPU = Debug|Any CPU
		Release|Any CPU = Release|Any CPU
	EndGlobalSection
	GlobalSection(ProjectConfigurationPlatforms) = postSolution
		{01554AAA-3EC7-4AFD-A4F3-54CAB5B56124}.Debug|Any CPU.ActiveCfg = Debug|Any CPU
		{01554AAA-3EC7-4AFD-A4F3-54CAB5B56124}.Debug|Any CPU.Build.0 = Debug|Any CPU
		{01554AAA-3EC7-4AFD-A4F3-54CAB5B56124}.Release|Any CPU.ActiveCfg = Release|Any CPU
		{01554AAA-3EC7-4AFD-A4F3-54CAB5B56124}.Release|Any CPU.Build.0 = Release|Any CPU
		{A612EF46-A17F-4AA2-8030-2E79F02B5E38}.Debug|Any CPU.ActiveCfg = Debug|Any CPU
		{A612EF46-A17F-4AA2-8030-2E79F02B5E38}.Debug|Any CPU.Build.0 = Debug|Any CPU
		{A612EF46-A17F-4AA2-8030-2E79F02B5E38}.Release|Any CPU.ActiveCfg = Release|Any CPU
		{A612EF46-A17F-4AA2-8030-2E79F02B5E38}.Release|Any CPU.Build.0 = Release|Any CPU
		{2DCAE6DB-F1C6-4B46-9231-9E4BDE0C0567}.Debug|Any CPU.ActiveCfg = Debug|Any CPU
		{2DCAE6DB-F1C6-4B46-9231-9E4BDE0C0567}.Debug|Any CPU.Build.0 = Debug|Any CPU
		{2DCAE6DB-F1C6-4B46-9231-9E4BDE0C0567}.Release|Any CPU.ActiveCfg = Release|Any CPU
		{2DCAE6DB-F1C6-4B46-9231-9E4BDE0C0567}.Release|Any CPU.Build.0 = Release|Any CPU
		{77F32465-AD58-4FD5-A733-9CA15988F34E}.Debug|Any CPU.ActiveCfg = Debug|Any CPU
		{77F32465-AD58-4FD5-A733-9CA15988F34E}.Debug|Any CPU.Build.0 = Debug|Any CPU
		{77F32465-AD58-4FD5-A733-9CA15988F34E}.Release|Any CPU.ActiveCfg = Release|Any CPU
		{77F32465-AD58-4FD5-A733-9CA15988F34E}.Release|Any CPU.Build.0 = Release|Any CPU
		{64FCE724-F132-4909-ACAA-F6347138BA86}.Debug|Any CPU.ActiveCfg = Debug|Any CPU
		{64FCE724-F132-4909-ACAA-F6347138BA86}.Debug|Any CPU.Build.0 = Debug|Any CPU
		{64FCE724-F132-4909-ACAA-F6347138BA86}.Release|Any CPU.ActiveCfg = Release|Any CPU
		{64FCE724-F132-4909-ACAA-F6347138BA86}.Release|Any CPU.Build.0 = Release|Any CPU
		{5E913156-965B-401F-AE0B-5E75EC4F9A4F}.Debug|Any CPU.ActiveCfg = Debug|Any CPU
		{5E913156-965B-401F-AE0B-5E75EC4F9A4F}.Debug|Any CPU.Build.0 = Debug|Any CPU
		{5E913156-965B-401F-AE0B-5E75EC4F9A4F}.Release|Any CPU.ActiveCfg = Release|Any CPU
		{5E913156-965B-401F-AE0B-5E75EC4F9A4F}.Release|Any CPU.Build.0 = Release|Any CPU
		{9F0AD953-004C-4630-8293-7875F3D5AE7E}.Debug|Any CPU.ActiveCfg = Debug|Any CPU
		{9F0AD953-004C-4630-8293-7875F3D5AE7E}.Debug|Any CPU.Build.0 = Debug|Any CPU
		{9F0AD953-004C-4630-8293-7875F3D5AE7E}.Release|Any CPU.ActiveCfg = Release|Any CPU
		{9F0AD953-004C-4630-8293-7875F3D5AE7E}.Release|Any CPU.Build.0 = Release|Any CPU
		{A742162A-9D57-40D6-863A-BD91B8771633}.Debug|Any CPU.ActiveCfg = Debug|Any CPU
		{A742162A-9D57-40D6-863A-BD91B8771633}.Debug|Any CPU.Build.0 = Debug|Any CPU
		{A742162A-9D57-40D6-863A-BD91B8771633}.Release|Any CPU.ActiveCfg = Release|Any CPU
		{A742162A-9D57-40D6-863A-BD91B8771633}.Release|Any CPU.Build.0 = Release|Any CPU
		{CE5357A2-5185-4399-8224-28383683757B}.Debug|Any CPU.ActiveCfg = Debug|Any CPU
		{CE5357A2-5185-4399-8224-28383683757B}.Debug|Any CPU.Build.0 = Debug|Any CPU
		{CE5357A2-5185-4399-8224-28383683757B}.Release|Any CPU.ActiveCfg = Release|Any CPU
		{CE5357A2-5185-4399-8224-28383683757B}.Release|Any CPU.Build.0 = Release|Any CPU
		{C91BC948-AA5C-495B-BB91-79A3C2D3EB01}.Debug|Any CPU.ActiveCfg = Debug|Any CPU
		{C91BC948-AA5C-495B-BB91-79A3C2D3EB01}.Debug|Any CPU.Build.0 = Debug|Any CPU
		{C91BC948-AA5C-495B-BB91-79A3C2D3EB01}.Release|Any CPU.ActiveCfg = Release|Any CPU
		{C91BC948-AA5C-495B-BB91-79A3C2D3EB01}.Release|Any CPU.Build.0 = Release|Any CPU
		{1E1C9E25-0575-4C4D-8A62-F443E94DF2F8}.Debug|Any CPU.ActiveCfg = Debug|Any CPU
		{1E1C9E25-0575-4C4D-8A62-F443E94DF2F8}.Debug|Any CPU.Build.0 = Debug|Any CPU
		{1E1C9E25-0575-4C4D-8A62-F443E94DF2F8}.Release|Any CPU.ActiveCfg = Release|Any CPU
		{1E1C9E25-0575-4C4D-8A62-F443E94DF2F8}.Release|Any CPU.Build.0 = Release|Any CPU
		{1476B529-A8C5-4EC7-AE8D-2643ECFA1347}.Debug|Any CPU.ActiveCfg = Debug|Any CPU
		{1476B529-A8C5-4EC7-AE8D-2643ECFA1347}.Debug|Any CPU.Build.0 = Debug|Any CPU
		{1476B529-A8C5-4EC7-AE8D-2643ECFA1347}.Release|Any CPU.ActiveCfg = Release|Any CPU
		{1476B529-A8C5-4EC7-AE8D-2643ECFA1347}.Release|Any CPU.Build.0 = Release|Any CPU
		{DEBD7B35-A2D3-4CE5-848B-CC339BE1E0F8}.Debug|Any CPU.ActiveCfg = Debug|Any CPU
		{DEBD7B35-A2D3-4CE5-848B-CC339BE1E0F8}.Debug|Any CPU.Build.0 = Debug|Any CPU
		{DEBD7B35-A2D3-4CE5-848B-CC339BE1E0F8}.Release|Any CPU.ActiveCfg = Release|Any CPU
		{DEBD7B35-A2D3-4CE5-848B-CC339BE1E0F8}.Release|Any CPU.Build.0 = Release|Any CPU
		{1556D48C-2A7E-4041-8EA3-3378079499C9}.Debug|Any CPU.ActiveCfg = Debug|Any CPU
		{1556D48C-2A7E-4041-8EA3-3378079499C9}.Debug|Any CPU.Build.0 = Debug|Any CPU
		{1556D48C-2A7E-4041-8EA3-3378079499C9}.Release|Any CPU.ActiveCfg = Release|Any CPU
		{1556D48C-2A7E-4041-8EA3-3378079499C9}.Release|Any CPU.Build.0 = Release|Any CPU
		{C4084190-5BFF-4F0A-87BF-590E35163BB6}.Debug|Any CPU.ActiveCfg = Debug|Any CPU
		{C4084190-5BFF-4F0A-87BF-590E35163BB6}.Debug|Any CPU.Build.0 = Debug|Any CPU
		{C4084190-5BFF-4F0A-87BF-590E35163BB6}.Release|Any CPU.ActiveCfg = Release|Any CPU
		{C4084190-5BFF-4F0A-87BF-590E35163BB6}.Release|Any CPU.Build.0 = Release|Any CPU
		{E7FCFEAB-9ED3-4824-85EC-E7D282A91923}.Debug|Any CPU.ActiveCfg = Debug|Any CPU
		{E7FCFEAB-9ED3-4824-85EC-E7D282A91923}.Debug|Any CPU.Build.0 = Debug|Any CPU
		{E7FCFEAB-9ED3-4824-85EC-E7D282A91923}.Release|Any CPU.ActiveCfg = Release|Any CPU
		{E7FCFEAB-9ED3-4824-85EC-E7D282A91923}.Release|Any CPU.Build.0 = Release|Any CPU
		{A8788CF8-6721-417F-93FE-B9ECEBA9286D}.Debug|Any CPU.ActiveCfg = Debug|Any CPU
		{A8788CF8-6721-417F-93FE-B9ECEBA9286D}.Debug|Any CPU.Build.0 = Debug|Any CPU
		{A8788CF8-6721-417F-93FE-B9ECEBA9286D}.Release|Any CPU.ActiveCfg = Release|Any CPU
		{A8788CF8-6721-417F-93FE-B9ECEBA9286D}.Release|Any CPU.Build.0 = Release|Any CPU
		{99E5337E-C40D-44EB-AED9-0BAC5FB1BFE6}.Debug|Any CPU.ActiveCfg = Debug|Any CPU
		{99E5337E-C40D-44EB-AED9-0BAC5FB1BFE6}.Debug|Any CPU.Build.0 = Debug|Any CPU
		{99E5337E-C40D-44EB-AED9-0BAC5FB1BFE6}.Release|Any CPU.ActiveCfg = Release|Any CPU
		{99E5337E-C40D-44EB-AED9-0BAC5FB1BFE6}.Release|Any CPU.Build.0 = Release|Any CPU
		{5BEC791A-E4B0-4E17-B661-7A42AB1B2058}.Debug|Any CPU.ActiveCfg = Debug|Any CPU
		{5BEC791A-E4B0-4E17-B661-7A42AB1B2058}.Debug|Any CPU.Build.0 = Debug|Any CPU
		{5BEC791A-E4B0-4E17-B661-7A42AB1B2058}.Release|Any CPU.ActiveCfg = Release|Any CPU
		{5BEC791A-E4B0-4E17-B661-7A42AB1B2058}.Release|Any CPU.Build.0 = Release|Any CPU
		{797719F9-6A32-478E-9711-1AE9FC90F62E}.Debug|Any CPU.ActiveCfg = Debug|Any CPU
		{797719F9-6A32-478E-9711-1AE9FC90F62E}.Debug|Any CPU.Build.0 = Debug|Any CPU
		{797719F9-6A32-478E-9711-1AE9FC90F62E}.Release|Any CPU.ActiveCfg = Release|Any CPU
		{797719F9-6A32-478E-9711-1AE9FC90F62E}.Release|Any CPU.Build.0 = Release|Any CPU
		{FAE86FC3-5A69-46B4-B797-A22F4648C0D7}.Debug|Any CPU.ActiveCfg = Debug|Any CPU
		{FAE86FC3-5A69-46B4-B797-A22F4648C0D7}.Debug|Any CPU.Build.0 = Debug|Any CPU
		{FAE86FC3-5A69-46B4-B797-A22F4648C0D7}.Release|Any CPU.ActiveCfg = Release|Any CPU
		{FAE86FC3-5A69-46B4-B797-A22F4648C0D7}.Release|Any CPU.Build.0 = Release|Any CPU
		{DFED4DC1-0C74-4E5A-9FA8-82BD329D6D2B}.Debug|Any CPU.ActiveCfg = Debug|Any CPU
		{DFED4DC1-0C74-4E5A-9FA8-82BD329D6D2B}.Debug|Any CPU.Build.0 = Debug|Any CPU
		{DFED4DC1-0C74-4E5A-9FA8-82BD329D6D2B}.Release|Any CPU.ActiveCfg = Release|Any CPU
		{DFED4DC1-0C74-4E5A-9FA8-82BD329D6D2B}.Release|Any CPU.Build.0 = Release|Any CPU
		{380D5946-B1F0-4AF4-9D21-C9677EAE113F}.Debug|Any CPU.ActiveCfg = Debug|Any CPU
		{380D5946-B1F0-4AF4-9D21-C9677EAE113F}.Debug|Any CPU.Build.0 = Debug|Any CPU
		{380D5946-B1F0-4AF4-9D21-C9677EAE113F}.Release|Any CPU.ActiveCfg = Release|Any CPU
		{380D5946-B1F0-4AF4-9D21-C9677EAE113F}.Release|Any CPU.Build.0 = Release|Any CPU
	EndGlobalSection
	GlobalSection(SolutionProperties) = preSolution
		HideSolutionNode = FALSE
	EndGlobalSection
	GlobalSection(NestedProjects) = preSolution
		{F068F8EE-698E-41F4-8407-82F1CD1EF255} = {629A3C4A-0D57-406D-BB03-7637B29F1893}
		{390584A9-7662-4CDC-A8B9-BD1C19C8970B} = {F068F8EE-698E-41F4-8407-82F1CD1EF255}
		{01554AAA-3EC7-4AFD-A4F3-54CAB5B56124} = {390584A9-7662-4CDC-A8B9-BD1C19C8970B}
		{A612EF46-A17F-4AA2-8030-2E79F02B5E38} = {390584A9-7662-4CDC-A8B9-BD1C19C8970B}
		{DC4278F7-7C19-4742-BA95-478A4928169C} = {629A3C4A-0D57-406D-BB03-7637B29F1893}
		{2DCAE6DB-F1C6-4B46-9231-9E4BDE0C0567} = {DC4278F7-7C19-4742-BA95-478A4928169C}
		{B3F81D25-27E8-4465-8C68-120250F989D0} = {629A3C4A-0D57-406D-BB03-7637B29F1893}
		{77F32465-AD58-4FD5-A733-9CA15988F34E} = {B3F81D25-27E8-4465-8C68-120250F989D0}
		{64FCE724-F132-4909-ACAA-F6347138BA86} = {B3F81D25-27E8-4465-8C68-120250F989D0}
		{5E913156-965B-401F-AE0B-5E75EC4F9A4F} = {B3F81D25-27E8-4465-8C68-120250F989D0}
		{0EF2152D-28BB-44B5-9D8E-8B40029D1AD0} = {629A3C4A-0D57-406D-BB03-7637B29F1893}
		{906D79AF-FA11-4495-8403-83557453E3CA} = {0EF2152D-28BB-44B5-9D8E-8B40029D1AD0}
		{9F0AD953-004C-4630-8293-7875F3D5AE7E} = {906D79AF-FA11-4495-8403-83557453E3CA}
		{A742162A-9D57-40D6-863A-BD91B8771633} = {906D79AF-FA11-4495-8403-83557453E3CA}
		{CE5357A2-5185-4399-8224-28383683757B} = {906D79AF-FA11-4495-8403-83557453E3CA}
		{7C929631-A668-44BA-8E7F-D402FA656854} = {0EF2152D-28BB-44B5-9D8E-8B40029D1AD0}
		{C91BC948-AA5C-495B-BB91-79A3C2D3EB01} = {7C929631-A668-44BA-8E7F-D402FA656854}
		{1E1C9E25-0575-4C4D-8A62-F443E94DF2F8} = {7C929631-A668-44BA-8E7F-D402FA656854}
		{629DF523-5474-4E4F-80DB-0B9777583B84} = {629A3C4A-0D57-406D-BB03-7637B29F1893}
		{E59AA400-30C2-4C4C-BA48-A09F7FD9FD4A} = {629DF523-5474-4E4F-80DB-0B9777583B84}
		{1476B529-A8C5-4EC7-AE8D-2643ECFA1347} = {E59AA400-30C2-4C4C-BA48-A09F7FD9FD4A}
		{DEBD7B35-A2D3-4CE5-848B-CC339BE1E0F8} = {E59AA400-30C2-4C4C-BA48-A09F7FD9FD4A}
		{F03BCC33-499F-4E12-84D8-B5BDE928A354} = {629DF523-5474-4E4F-80DB-0B9777583B84}
		{1556D48C-2A7E-4041-8EA3-3378079499C9} = {F03BCC33-499F-4E12-84D8-B5BDE928A354}
		{C4084190-5BFF-4F0A-87BF-590E35163BB6} = {F03BCC33-499F-4E12-84D8-B5BDE928A354}
		{F4E851A2-ACB3-4CE1-A874-D3EBE91411D8} = {629A3C4A-0D57-406D-BB03-7637B29F1893}
		{53735119-A53C-47F0-9448-EE387EFFF20F} = {F4E851A2-ACB3-4CE1-A874-D3EBE91411D8}
		{E7FCFEAB-9ED3-4824-85EC-E7D282A91923} = {53735119-A53C-47F0-9448-EE387EFFF20F}
		{A8788CF8-6721-417F-93FE-B9ECEBA9286D} = {53735119-A53C-47F0-9448-EE387EFFF20F}
		{F042573C-70EA-46E3-98BA-6D755AA5265B} = {F4E851A2-ACB3-4CE1-A874-D3EBE91411D8}
		{99E5337E-C40D-44EB-AED9-0BAC5FB1BFE6} = {F042573C-70EA-46E3-98BA-6D755AA5265B}
		{55F4E423-EB94-4A63-9012-024959E73A1D} = {2F7AED1F-B8A3-4A4B-A1E4-DB167FEEE979}
		{5BEC791A-E4B0-4E17-B661-7A42AB1B2058} = {55F4E423-EB94-4A63-9012-024959E73A1D}
		{A85CBEF3-2206-43D7-814A-559CE9249327} = {F068F8EE-698E-41F4-8407-82F1CD1EF255}
		{797719F9-6A32-478E-9711-1AE9FC90F62E} = {A85CBEF3-2206-43D7-814A-559CE9249327}
		{FAE86FC3-5A69-46B4-B797-A22F4648C0D7} = {A85CBEF3-2206-43D7-814A-559CE9249327}
		{DFED4DC1-0C74-4E5A-9FA8-82BD329D6D2B} = {F042573C-70EA-46E3-98BA-6D755AA5265B}
		{380D5946-B1F0-4AF4-9D21-C9677EAE113F} = {DC4278F7-7C19-4742-BA95-478A4928169C}
	EndGlobalSection
	GlobalSection(ExtensibilityGlobals) = postSolution
		SolutionGuid = {7AE34251-A72D-4785-878A-ABCBD59A4A89}
	EndGlobalSection
EndGlobal
